
Microsoft Visual Studio Solution File, Format Version 12.00
# Visual Studio Version 17
VisualStudioVersion = 17.5.002.0
MinimumVisualStudioVersion = 10.0.40219.1
Project("{9A19103F-16F7-4668-BE54-9A1E7A4F7556}") = "SimpsonsApiTests", "SimpsonsApiTests.csproj", "{F1C732E0-C442-46E6-BEEA-BD3291907028}"
EndProject
Global
	GlobalSection(SolutionConfigurationPlatforms) = preSolution
		Debug|Any CPU = Debug|Any CPU
		Release|Any CPU = Release|Any CPU
	EndGlobalSection
	GlobalSection(ProjectConfigurationPlatforms) = postSolution
		{F1C732E0-C442-46E6-BEEA-BD3291907028}.Debug|Any CPU.ActiveCfg = Debug|Any CPU
		{F1C732E0-C442-46E6-BEEA-BD3291907028}.Debug|Any CPU.Build.0 = Debug|Any CPU
		{F1C732E0-C442-46E6-BEEA-BD3291907028}.Release|Any CPU.ActiveCfg = Release|Any CPU
		{F1C732E0-C442-46E6-BEEA-BD3291907028}.Release|Any CPU.Build.0 = Release|Any CPU
	EndGlobalSection
	GlobalSection(SolutionProperties) = preSolution
		HideSolutionNode = FALSE
	EndGlobalSection
	GlobalSection(ExtensibilityGlobals) = postSolution
		SolutionGuid = {8678C246-8424-4A8E-8D31-A32BA97625FD}
	EndGlobalSection
EndGlobal
